
Microsoft Visual Studio Solution File, Format Version 12.00
# Visual Studio Version 17
VisualStudioVersion = 17.0.31903.59
MinimumVisualStudioVersion = 10.0.40219.1
Project("{2150E333-8FDC-42A3-9474-1A3956D46DE8}") = "src", "src", "{1578BFF2-2BF0-4E73-8E4A-33FFB5D94B6F}"
EndProject
Project("{FAE04EC0-301F-11D3-BF4B-00C04F79EFBC}") = "CommandAPI", "src\CommandAPI\CommandAPI.csproj", "{F94656CA-391D-4008-8A54-C3D324765E81}"
EndProject
Project("{2150E333-8FDC-42A3-9474-1A3956D46DE8}") = "test", "test", "{DA2104A0-C31A-49A7-B1F7-206D4A353A34}"
EndProject
Project("{FAE04EC0-301F-11D3-BF4B-00C04F79EFBC}") = "CommandAPI.Tests", "test\CommandAPI.Tests\CommandAPI.Tests.csproj", "{A61621B7-415B-4556-9B7B-AFEC49C93749}"
EndProject
Global
	GlobalSection(SolutionConfigurationPlatforms) = preSolution
		Debug|Any CPU = Debug|Any CPU
		Release|Any CPU = Release|Any CPU
	EndGlobalSection
	GlobalSection(SolutionProperties) = preSolution
		HideSolutionNode = FALSE
	EndGlobalSection
	GlobalSection(ProjectConfigurationPlatforms) = postSolution
		{F94656CA-391D-4008-8A54-C3D324765E81}.Debug|Any CPU.ActiveCfg = Debug|Any CPU
		{F94656CA-391D-4008-8A54-C3D324765E81}.Debug|Any CPU.Build.0 = Debug|Any CPU
		{F94656CA-391D-4008-8A54-C3D324765E81}.Release|Any CPU.ActiveCfg = Release|Any CPU
		{F94656CA-391D-4008-8A54-C3D324765E81}.Release|Any CPU.Build.0 = Release|Any CPU
		{A61621B7-415B-4556-9B7B-AFEC49C93749}.Debug|Any CPU.ActiveCfg = Debug|Any CPU
		{A61621B7-415B-4556-9B7B-AFEC49C93749}.Debug|Any CPU.Build.0 = Debug|Any CPU
		{A61621B7-415B-4556-9B7B-AFEC49C93749}.Release|Any CPU.ActiveCfg = Release|Any CPU
		{A61621B7-415B-4556-9B7B-AFEC49C93749}.Release|Any CPU.Build.0 = Release|Any CPU
	EndGlobalSection
	GlobalSection(NestedProjects) = preSolution
		{F94656CA-391D-4008-8A54-C3D324765E81} = {1578BFF2-2BF0-4E73-8E4A-33FFB5D94B6F}
		{A61621B7-415B-4556-9B7B-AFEC49C93749} = {DA2104A0-C31A-49A7-B1F7-206D4A353A34}
	EndGlobalSection
EndGlobal
